# This file is automatically @generated by Cargo.
# It is not intended for manual editing.
version = 4

[[package]]
name = "outside-member"
version = "0.1.0"

[[package]]
name = "sensor-host"
version = "0.1.0"

[[package]]
name = "vehicle-topology"
version = "0.1.0"
dependencies = [
 "outside-member",
]
